// !$*UTF8*$!
{
	archiveVersion = 1;
	classes = {
	};
	objectVersion = 55;
	objects = {

/* Begin PBXBuildFile section */
		D1373013F3F58068E842F3CA /* Shared.framework in Frameworks */ = {isa = PBXBuildFile; fileRef = D2A38A099E60B24D0EF0F1C8 /* Shared.framework */; };
		D94622CAFF38D11CDC3E729A /* Shared.framework in Frameworks */ = {isa = PBXBuildFile; fileRef = D2A38A099E60B24D0EF0F1C8 /* Shared.framework */; };
/* End PBXBuildFile section */

/* Begin PBXCopyFilesBuildPhase section */
		3205926CCFE3D06DD4C99FC7 /* Embed Frameworks */ = {
			isa = PBXCopyFilesBuildPhase;
			buildActionMask = 2147483647;
			dstPath = "";
			dstSubfolderSpec = 10;
			files = (
			);
			name = "Embed Frameworks";
			runOnlyForDeploymentPostprocessing = 0;
		};
		6F97DA4839171C67ECA15CDA /* Embed Frameworks */ = {
			isa = PBXCopyFilesBuildPhase;
			buildActionMask = 2147483647;
			dstPath = "";
			dstSubfolderSpec = 10;
			files = (
			);
			name = "Embed Frameworks";
			runOnlyForDeploymentPostprocessing = 0;
		};
/* End PBXCopyFilesBuildPhase section */

/* Begin PBXFileReference section */
		216968099D2C879BB1C805A0 /* Release.xcconfig */ = {isa = PBXFileReference; lastKnownFileType = text.xcconfig; path = Release.xcconfig; sourceTree = "<group>"; };
		470F82A70343E03F676D4428 /* Debug.xcconfig */ = {isa = PBXFileReference; lastKnownFileType = text.xcconfig; path = Debug.xcconfig; sourceTree = "<group>"; };
		7864A537D7C977DAE39823B1 /* icliTests-Info.plist */ = {isa = PBXFileReference; lastKnownFileType = text.plist; path = "icliTests-Info.plist"; sourceTree = "<group>"; };
		8006F1DE7171D4694E6F71CA /* icliTests.xctest */ = {isa = PBXFileReference; explicitFileType = wrapper.cfbundle; includeInIndex = 0; path = icliTests.xctest; sourceTree = BUILT_PRODUCTS_DIR; };
		BAAC891A79EA086D0735EB14 /* icli-Info.plist */ = {isa = PBXFileReference; lastKnownFileType = text.plist; path = "icli-Info.plist"; sourceTree = "<group>"; };
		D2A38A099E60B24D0EF0F1C8 /* Shared.framework */ = {isa = PBXFileReference; explicitFileType = wrapper.framework; includeInIndex = 0; path = Shared.framework; sourceTree = BUILT_PRODUCTS_DIR; };
		E762363B874859359C6850B4 /* icli */ = {isa = PBXFileReference; includeInIndex = 0; path = icli; sourceTree = BUILT_PRODUCTS_DIR; };
/* End PBXFileReference section */

/* Begin PBXFileSystemSynchronizedRootGroup section */
		348CDD85E6A91C1B95D1B7A6 /* Tests */ = {
			isa = PBXFileSystemSynchronizedRootGroup;
			explicitFileTypes = {
			};
			explicitFolders = (
			);
			path = Tests;
			sourceTree = "<group>";
		};
		4154BC952F549B10EFC33CF9 /* Sources */ = {
			isa = PBXFileSystemSynchronizedRootGroup;
			explicitFileTypes = {
			};
			explicitFolders = (
			);
			path = Sources;
			sourceTree = "<group>";
		};
/* End PBXFileSystemSynchronizedRootGroup section */

/* Begin PBXFrameworksBuildPhase section */
		3CB70A42F53D9081C8DBC59B /* Frameworks */ = {
			isa = PBXFrameworksBuildPhase;
			buildActionMask = 2147483647;
			files = (
				D94622CAFF38D11CDC3E729A /* Shared.framework in Frameworks */,
			);
			runOnlyForDeploymentPostprocessing = 0;
		};
		552A1525A32A8DFC4F4266B0 /* Frameworks */ = {
			isa = PBXFrameworksBuildPhase;
			buildActionMask = 2147483647;
			files = (
				D1373013F3F58068E842F3CA /* Shared.framework in Frameworks */,
			);
			runOnlyForDeploymentPostprocessing = 0;
		};
/* End PBXFrameworksBuildPhase section */

/* Begin PBXGroup section */
		190D8C1DAB657DAD13D4EA11 = {
			isa = PBXGroup;
			children = (
				8EB70242E3D5386956E39ED2 /* Products */,
				CC8F7E15B51A6F225BE0870A /* Project */,
			);
			sourceTree = "<group>";
		};
		27F2A0F8FE0AC7705BE28A35 /* Derived */ = {
			isa = PBXGroup;
			children = (
				5CDE20A129532EC62CC547F1 /* InfoPlists */,
			);
			path = Derived;
			sourceTree = "<group>";
		};
		5CDE20A129532EC62CC547F1 /* InfoPlists */ = {
			isa = PBXGroup;
			children = (
				BAAC891A79EA086D0735EB14 /* icli-Info.plist */,
				7864A537D7C977DAE39823B1 /* icliTests-Info.plist */,
			);
			path = InfoPlists;
			sourceTree = "<group>";
		};
		8EB70242E3D5386956E39ED2 /* Products */ = {
			isa = PBXGroup;
			children = (
				E762363B874859359C6850B4 /* icli */,
				8006F1DE7171D4694E6F71CA /* icliTests.xctest */,
				D2A38A099E60B24D0EF0F1C8 /* Shared.framework */,
			);
			name = Products;
			sourceTree = "<group>";
		};
		BC1B59B6522819F697DEA417 /* Configs */ = {
			isa = PBXGroup;
			children = (
				470F82A70343E03F676D4428 /* Debug.xcconfig */,
				216968099D2C879BB1C805A0 /* Release.xcconfig */,
			);
			name = Configs;
			path = ../Configs;
			sourceTree = "<group>";
		};
		CC8F7E15B51A6F225BE0870A /* Project */ = {
			isa = PBXGroup;
			children = (
				BC1B59B6522819F697DEA417 /* Configs */,
				27F2A0F8FE0AC7705BE28A35 /* Derived */,
				4154BC952F549B10EFC33CF9 /* Sources */,
				348CDD85E6A91C1B95D1B7A6 /* Tests */,
			);
			name = Project;
			sourceTree = "<group>";
		};
/* End PBXGroup section */

/* Begin PBXNativeTarget section */
		00CA954FCD8CBE04DCAFA03E /* icliTests */ = {
			isa = PBXNativeTarget;
			buildConfigurationList = 2301065DB3AF07B608E7B6EC /* Build configuration list for PBXNativeTarget "icliTests" */;
			buildPhases = (
				1EE67CED6DD705C313256664 /* Sources */,
				576554B423A6351EF6400169 /* Resources */,
				3CB70A42F53D9081C8DBC59B /* Frameworks */,
				3205926CCFE3D06DD4C99FC7 /* Embed Frameworks */,
			);
			buildRules = (
			);
			dependencies = (
			);
			fileSystemSynchronizedGroups = (
				348CDD85E6A91C1B95D1B7A6 /* Tests */,
			);
			name = icliTests;
			packageProductDependencies = (
			);
			productName = icliTests;
			productReference = 8006F1DE7171D4694E6F71CA /* icliTests.xctest */;
			productType = "com.apple.product-type.bundle.unit-test";
		};
		2474E1DB0243DB7DF761EA33 /* icli */ = {
			isa = PBXNativeTarget;
			buildConfigurationList = 5DBD9AD1556E467EEF5AA860 /* Build configuration list for PBXNativeTarget "icli" */;
			buildPhases = (
				4CB3D4332CE251B0C4DDE3E7 /* Sources */,
				2B549ED3864FA49E5E7AEFB1 /* Resources */,
				552A1525A32A8DFC4F4266B0 /* Frameworks */,
				6F97DA4839171C67ECA15CDA /* Embed Frameworks */,
			);
			buildRules = (
			);
			dependencies = (
			);
			fileSystemSynchronizedGroups = (
				4154BC952F549B10EFC33CF9 /* Sources */,
			);
			name = icli;
			packageProductDependencies = (
			);
			productName = icli;
			productReference = E762363B874859359C6850B4 /* icli */;
			productType = "com.apple.product-type.tool";
		};
/* End PBXNativeTarget section */

/* Begin PBXProject section */
		E7BA213CA86026B6CC7D29FB /* Project object */ = {
			isa = PBXProject;
			attributes = {
				BuildIndependentTargetsInParallel = YES;
				LastUpgradeCheck = 2640;
				TargetAttributes = {
				};
			};
			buildConfigurationList = AD7643BAB35D40E96BCDDDEC /* Build configuration list for PBXProject "icli" */;
			compatibilityVersion = "Xcode 14.0";
			developmentRegion = en;
			hasScannedForEncodings = 0;
			knownRegions = (
				Base,
				en,
			);
			mainGroup = 190D8C1DAB657DAD13D4EA11;
			productRefGroup = 8EB70242E3D5386956E39ED2 /* Products */;
			projectDirPath = "";
			projectRoot = "";
			targets = (
				2474E1DB0243DB7DF761EA33 /* icli */,
				00CA954FCD8CBE04DCAFA03E /* icliTests */,
			);
		};
/* End PBXProject section */

/* Begin PBXResourcesBuildPhase section */
		2B549ED3864FA49E5E7AEFB1 /* Resources */ = {
			isa = PBXResourcesBuildPhase;
			buildActionMask = 2147483647;
			files = (
			);
			runOnlyForDeploymentPostprocessing = 0;
		};
		576554B423A6351EF6400169 /* Resources */ = {
			isa = PBXResourcesBuildPhase;
			buildActionMask = 2147483647;
			files = (
			);
			runOnlyForDeploymentPostprocessing = 0;
		};
/* End PBXResourcesBuildPhase section */

/* Begin PBXSourcesBuildPhase section */
		1EE67CED6DD705C313256664 /* Sources */ = {
			isa = PBXSourcesBuildPhase;
			buildActionMask = 2147483647;
			files = (
			);
			runOnlyForDeploymentPostprocessing = 0;
		};
		4CB3D4332CE251B0C4DDE3E7 /* Sources */ = {
			isa = PBXSourcesBuildPhase;
			buildActionMask = 2147483647;
			files = (
			);
			runOnlyForDeploymentPostprocessing = 0;
		};
/* End PBXSourcesBuildPhase section */

/* Begin XCBuildConfiguration section */
		0548F368C6AE8D6D900FE400 /* Release */ = {
			isa = XCBuildConfiguration;
			buildSettings = {
				CODE_SIGN_IDENTITY = "-";
				DEFINES_MODULE = YES;
				INFOPLIST_FILE = "Derived/InfoPlists/icli-Info.plist";
				LD_RUNPATH_SEARCH_PATHS = "$(inherited) @executable_path";
				MACOSX_DEPLOYMENT_TARGET = 14.0;
				OTHER_LDFLAGS = (
					"$(inherited)",
					"-L$(DT_TOOLCHAIN_DIR)/usr/lib/swift/$(PLATFORM_NAME)",
				);
				PRODUCT_BUNDLE_IDENTIFIER = net.4rays.icli.cli;
				PRODUCT_NAME = icli;
				SDKROOT = macosx;
				SWIFT_COMPILATION_MODE = wholemodule;
				SWIFT_OPTIMIZATION_LEVEL = "-O";
				SWIFT_VERSION = 6.0;
			};
			name = Release;
		};
		160F265B13C3DD290ABB2F24 /* Debug */ = {
			isa = XCBuildConfiguration;
			buildSettings = {
				CODE_SIGN_IDENTITY = "-";
				INFOPLIST_FILE = "Derived/InfoPlists/icliTests-Info.plist";
				LD_RUNPATH_SEARCH_PATHS = (
					"$(inherited)",
					"@executable_path/../Frameworks",
					"@loader_path/../Frameworks",
				);
				MACOSX_DEPLOYMENT_TARGET = 14.0;
				OTHER_LDFLAGS = (
					"$(inherited)",
					"-L$(DT_TOOLCHAIN_DIR)/usr/lib/swift/$(PLATFORM_NAME)",
				);
				PRODUCT_BUNDLE_IDENTIFIER = net.4rays.icliTests;
				PRODUCT_NAME = icliTests;
				SDKROOT = macosx;
				SWIFT_ACTIVE_COMPILATION_CONDITIONS = (
					"$(inherited)",
					DEBUG,
				);
				SWIFT_COMPILATION_MODE = singlefile;
				SWIFT_OPTIMIZATION_LEVEL = "-Onone";
				SWIFT_VERSION = 6.0;
			};
			name = Debug;
		};
		2039B194237156343D378732 /* Release */ = {
			isa = XCBuildConfiguration;
			baseConfigurationReference = 216968099D2C879BB1C805A0 /* Release.xcconfig */;
			buildSettings = {
				ALWAYS_SEARCH_USER_PATHS = NO;
				CLANG_ANALYZER_LOCALIZABILITY_NONLOCALIZED = YES;
				CLANG_ANALYZER_NONNULL = YES;
				CLANG_ANALYZER_NUMBER_OBJECT_CONVERSION = YES_AGGRESSIVE;
				CLANG_CXX_LANGUAGE_STANDARD = "gnu++14";
				CLANG_CXX_LIBRARY = "libc++";
				CLANG_ENABLE_MODULES = YES;
				CLANG_ENABLE_OBJC_ARC = YES;
				CLANG_ENABLE_OBJC_WEAK = YES;
				CLANG_WARN_BLOCK_CAPTURE_AUTORELEASING = YES;
				CLANG_WARN_BOOL_CONVERSION = YES;
				CLANG_WARN_COMMA = YES;
				CLANG_WARN_CONSTANT_CONVERSION = YES;
				CLANG_WARN_DEPRECATED_OBJC_IMPLEMENTATIONS = YES;
				CLANG_WARN_DIRECT_OBJC_ISA_USAGE = YES_ERROR;
				CLANG_WARN_DOCUMENTATION_COMMENTS = YES;
				CLANG_WARN_EMPTY_BODY = YES;
				CLANG_WARN_ENUM_CONVERSION = YES;
				CLANG_WARN_INFINITE_RECURSION = YES;
				CLANG_WARN_INT_CONVERSION = YES;
				CLANG_WARN_NON_LITERAL_NULL_CONVERSION = YES;
				CLANG_WARN_OBJC_IMPLICIT_RETAIN_SELF = YES;
				CLANG_WARN_OBJC_LITERAL_CONVERSION = YES;
				CLANG_WARN_OBJC_ROOT_CLASS = YES_ERROR;
				CLANG_WARN_QUOTED_INCLUDE_IN_FRAMEWORK_HEADER = YES;
				CLANG_WARN_RANGE_LOOP_ANALYSIS = YES;
				CLANG_WARN_STRICT_PROTOTYPES = YES;
				CLANG_WARN_SUSPICIOUS_MOVE = YES;
				CLANG_WARN_UNGUARDED_AVAILABILITY = YES_AGGRESSIVE;
				CLANG_WARN_UNREACHABLE_CODE = YES;
				CLANG_WARN__DUPLICATE_METHOD_MATCH = YES;
				COPY_PHASE_STRIP = NO;
				DEAD_CODE_STRIPPING = YES;
				DEBUG_INFORMATION_FORMAT = "dwarf-with-dsym";
				ENABLE_NS_ASSERTIONS = NO;
				ENABLE_STRICT_OBJC_MSGSEND = YES;
				GCC_C_LANGUAGE_STANDARD = gnu11;
				GCC_NO_COMMON_BLOCKS = YES;
				GCC_WARN_64_TO_32_BIT_CONVERSION = YES;
				GCC_WARN_ABOUT_RETURN_TYPE = YES_ERROR;
				GCC_WARN_UNDECLARED_SELECTOR = YES;
				GCC_WARN_UNINITIALIZED_AUTOS = YES_AGGRESSIVE;
				GCC_WARN_UNUSED_FUNCTION = YES;
				GCC_WARN_UNUSED_VARIABLE = YES;
				MTL_ENABLE_DEBUG_INFO = NO;
				PRODUCT_NAME = "$(TARGET_NAME)";
				VALIDATE_PRODUCT = YES;
			};
			name = Release;
		};
		91C82E902D3C89354EF30951 /* Release */ = {
			isa = XCBuildConfiguration;
			buildSettings = {
				CODE_SIGN_IDENTITY = "-";
				INFOPLIST_FILE = "Derived/InfoPlists/icliTests-Info.plist";
				LD_RUNPATH_SEARCH_PATHS = (
					"$(inherited)",
					"@executable_path/../Frameworks",
					"@loader_path/../Frameworks",
				);
				MACOSX_DEPLOYMENT_TARGET = 14.0;
				OTHER_LDFLAGS = (
					"$(inherited)",
					"-L$(DT_TOOLCHAIN_DIR)/usr/lib/swift/$(PLATFORM_NAME)",
				);
				PRODUCT_BUNDLE_IDENTIFIER = net.4rays.icliTests;
				PRODUCT_NAME = icliTests;
				SDKROOT = macosx;
				SWIFT_COMPILATION_MODE = wholemodule;
				SWIFT_OPTIMIZATION_LEVEL = "-O";
				SWIFT_VERSION = 6.0;
			};
			name = Release;
		};
		CAED0BDE2AC02A36345388BE /* Debug */ = {
			isa = XCBuildConfiguration;
			baseConfigurationReference = 470F82A70343E03F676D4428 /* Debug.xcconfig */;
			buildSettings = {
				ALWAYS_SEARCH_USER_PATHS = NO;
				CLANG_ANALYZER_LOCALIZABILITY_NONLOCALIZED = YES;
				CLANG_ANALYZER_NONNULL = YES;
				CLANG_ANALYZER_NUMBER_OBJECT_CONVERSION = YES_AGGRESSIVE;
				CLANG_CXX_LANGUAGE_STANDARD = "gnu++14";
				CLANG_CXX_LIBRARY = "libc++";
				CLANG_ENABLE_MODULES = YES;
				CLANG_ENABLE_OBJC_ARC = YES;
				CLANG_ENABLE_OBJC_WEAK = YES;
				CLANG_WARN_BLOCK_CAPTURE_AUTORELEASING = YES;
				CLANG_WARN_BOOL_CONVERSION = YES;
				CLANG_WARN_COMMA = YES;
				CLANG_WARN_CONSTANT_CONVERSION = YES;
				CLANG_WARN_DEPRECATED_OBJC_IMPLEMENTATIONS = YES;
				CLANG_WARN_DIRECT_OBJC_ISA_USAGE = YES_ERROR;
				CLANG_WARN_DOCUMENTATION_COMMENTS = YES;
				CLANG_WARN_EMPTY_BODY = YES;
				CLANG_WARN_ENUM_CONVERSION = YES;
				CLANG_WARN_INFINITE_RECURSION = YES;
				CLANG_WARN_INT_CONVERSION = YES;
				CLANG_WARN_NON_LITERAL_NULL_CONVERSION = YES;
				CLANG_WARN_OBJC_IMPLICIT_RETAIN_SELF = YES;
				CLANG_WARN_OBJC_LITERAL_CONVERSION = YES;
				CLANG_WARN_OBJC_ROOT_CLASS = YES_ERROR;
				CLANG_WARN_QUOTED_INCLUDE_IN_FRAMEWORK_HEADER = YES;
				CLANG_WARN_RANGE_LOOP_ANALYSIS = YES;
				CLANG_WARN_STRICT_PROTOTYPES = YES;
				CLANG_WARN_SUSPICIOUS_MOVE = YES;
				CLANG_WARN_UNGUARDED_AVAILABILITY = YES_AGGRESSIVE;
				CLANG_WARN_UNREACHABLE_CODE = YES;
				CLANG_WARN__DUPLICATE_METHOD_MATCH = YES;
				COPY_PHASE_STRIP = NO;
				DEAD_CODE_STRIPPING = YES;
				DEBUG_INFORMATION_FORMAT = dwarf;
				ENABLE_STRICT_OBJC_MSGSEND = YES;
				ENABLE_TESTABILITY = YES;
				GCC_C_LANGUAGE_STANDARD = gnu11;
				GCC_DYNAMIC_NO_PIC = NO;
				GCC_NO_COMMON_BLOCKS = YES;
				GCC_OPTIMIZATION_LEVEL = 0;
				GCC_PREPROCESSOR_DEFINITIONS = (
					"DEBUG=1",
					"$(inherited)",
				);
				GCC_WARN_64_TO_32_BIT_CONVERSION = YES;
				GCC_WARN_ABOUT_RETURN_TYPE = YES_ERROR;
				GCC_WARN_UNDECLARED_SELECTOR = YES;
				GCC_WARN_UNINITIALIZED_AUTOS = YES_AGGRESSIVE;
				GCC_WARN_UNUSED_FUNCTION = YES;
				GCC_WARN_UNUSED_VARIABLE = YES;
				MTL_ENABLE_DEBUG_INFO = YES;
				ONLY_ACTIVE_ARCH = YES;
				PRODUCT_NAME = "$(TARGET_NAME)";
			};
			name = Debug;
		};
		EF2CCEA79AB091A84A3D37AA /* Debug */ = {
			isa = XCBuildConfiguration;
			buildSettings = {
				CODE_SIGN_IDENTITY = "-";
				DEFINES_MODULE = YES;
				INFOPLIST_FILE = "Derived/InfoPlists/icli-Info.plist";
				LD_RUNPATH_SEARCH_PATHS = "$(inherited) @executable_path";
				MACOSX_DEPLOYMENT_TARGET = 14.0;
				OTHER_LDFLAGS = (
					"$(inherited)",
					"-L$(DT_TOOLCHAIN_DIR)/usr/lib/swift/$(PLATFORM_NAME)",
				);
				PRODUCT_BUNDLE_IDENTIFIER = net.4rays.icli.cli;
				PRODUCT_NAME = icli;
				SDKROOT = macosx;
				SWIFT_ACTIVE_COMPILATION_CONDITIONS = (
					"$(inherited)",
					DEBUG,
				);
				SWIFT_COMPILATION_MODE = singlefile;
				SWIFT_OPTIMIZATION_LEVEL = "-Onone";
				SWIFT_VERSION = 6.0;
			};
			name = Debug;
		};
/* End XCBuildConfiguration section */

/* Begin XCConfigurationList section */
		2301065DB3AF07B608E7B6EC /* Build configuration list for PBXNativeTarget "icliTests" */ = {
			isa = XCConfigurationList;
			buildConfigurations = (
				160F265B13C3DD290ABB2F24 /* Debug */,
				91C82E902D3C89354EF30951 /* Release */,
			);
			defaultConfigurationIsVisible = 0;
			defaultConfigurationName = Release;
		};
		5DBD9AD1556E467EEF5AA860 /* Build configuration list for PBXNativeTarget "icli" */ = {
			isa = XCConfigurationList;
			buildConfigurations = (
				EF2CCEA79AB091A84A3D37AA /* Debug */,
				0548F368C6AE8D6D900FE400 /* Release */,
			);
			defaultConfigurationIsVisible = 0;
			defaultConfigurationName = Release;
		};
		AD7643BAB35D40E96BCDDDEC /* Build configuration list for PBXProject "icli" */ = {
			isa = XCConfigurationList;
			buildConfigurations = (
				CAED0BDE2AC02A36345388BE /* Debug */,
				2039B194237156343D378732 /* Release */,
			);
			defaultConfigurationIsVisible = 0;
			defaultConfigurationName = Release;
		};
/* End XCConfigurationList section */
	};
	rootObject = E7BA213CA86026B6CC7D29FB /* Project object */;
}
